
Microsoft Visual Studio Solution File, Format Version 12.00
# Visual Studio Version 17
VisualStudioVersion = 17.4.33110.190
MinimumVisualStudioVersion = 10.0.40219.1
Project("{FAE04EC0-301F-11D3-BF4B-00C04F79EFBC}") = "Knowledge Check 2", "Knowledge Check 2\Knowledge Check 2.csproj", "{67BDCB78-CDDC-44D0-B332-1BE9181A99A4}"
EndProject
Global
	GlobalSection(SolutionConfigurationPlatforms) = preSolution
		Debug|Any CPU = Debug|Any CPU
		Release|Any CPU = Release|Any CPU
	EndGlobalSection
	GlobalSection(ProjectConfigurationPlatforms) = postSolution
		{67BDCB78-CDDC-44D0-B332-1BE9181A99A4}.Debug|Any CPU.ActiveCfg = Debug|Any CPU
		{67BDCB78-CDDC-44D0-B332-1BE9181A99A4}.Debug|Any CPU.Build.0 = Debug|Any CPU
		{67BDCB78-CDDC-44D0-B332-1BE9181A99A4}.Release|Any CPU.ActiveCfg = Release|Any CPU
		{67BDCB78-CDDC-44D0-B332-1BE9181A99A4}.Release|Any CPU.Build.0 = Release|Any CPU
	EndGlobalSection
	GlobalSection(SolutionProperties) = preSolution
		HideSolutionNode = FALSE
	EndGlobalSection
	GlobalSection(ExtensibilityGlobals) = postSolution
		SolutionGuid = {3BDF01DC-06A2-48C1-8F2D-D551A106CC96}
	EndGlobalSection
EndGlobal
